
Microsoft Visual Studio Solution File, Format Version 12.00
# Visual Studio 15
VisualStudioVersion = 15.0.27130.2010
MinimumVisualStudioVersion = 10.0.40219.1
Project("{8BC9CEB8-8B4A-11D0-8D11-00A0C91BC942}") = "capcom", "capcom\capcom.vcxproj", "{329B6895-3CAB-43A7-AA43-6BDFF5072110}"
EndProject
Project("{8BC9CEB8-8B4A-11D0-8D11-00A0C91BC942}") = "drvmap", "drvmap\drvmap.vcxproj", "{14564628-1966-4822-8EC7-3BC613DE4FFE}"
EndProject
Global
	GlobalSection(SolutionConfigurationPlatforms) = preSolution
		Debug|ARM = Debug|ARM
		Debug|ARM64 = Debug|ARM64
		Debug|x64 = Debug|x64
		Debug|x86 = Debug|x86
		LibRelease|ARM = LibRelease|ARM
		LibRelease|ARM64 = LibRelease|ARM64
		LibRelease|x64 = LibRelease|x64
		LibRelease|x86 = LibRelease|x86
		Release|ARM = Release|ARM
		Release|ARM64 = Release|ARM64
		Release|x64 = Release|x64
		Release|x86 = Release|x86
	EndGlobalSection
	GlobalSection(ProjectConfigurationPlatforms) = postSolution
		{329B6895-3CAB-43A7-AA43-6BDFF5072110}.Debug|ARM.ActiveCfg = Debug|x64
		{329B6895-3CAB-43A7-AA43-6BDFF5072110}.Debug|ARM64.ActiveCfg = Debug|x64
		{329B6895-3CAB-43A7-AA43-6BDFF5072110}.Debug|x64.ActiveCfg = Debug|x64
		{329B6895-3CAB-43A7-AA43-6BDFF5072110}.Debug|x64.Build.0 = Debug|x64
		{329B6895-3CAB-43A7-AA43-6BDFF5072110}.Debug|x86.ActiveCfg = Debug|x64
		{329B6895-3CAB-43A7-AA43-6BDFF5072110}.LibRelease|ARM.ActiveCfg = LibRelease|x64
		{329B6895-3CAB-43A7-AA43-6BDFF5072110}.LibRelease|ARM64.ActiveCfg = LibRelease|x64
		{329B6895-3CAB-43A7-AA43-6BDFF5072110}.LibRelease|x64.ActiveCfg = Release|x64
		{329B6895-3CAB-43A7-AA43-6BDFF5072110}.LibRelease|x64.Build.0 = Release|x64
		{329B6895-3CAB-43A7-AA43-6BDFF5072110}.LibRelease|x86.ActiveCfg = LibRelease|x64
		{329B6895-3CAB-43A7-AA43-6BDFF5072110}.Release|ARM.ActiveCfg = Release|x64
		{329B6895-3CAB-43A7-AA43-6BDFF5072110}.Release|ARM64.ActiveCfg = Release|x64
		{329B6895-3CAB-43A7-AA43-6BDFF5072110}.Release|x64.ActiveCfg = Release|x64
		{329B6895-3CAB-43A7-AA43-6BDFF5072110}.Release|x64.Build.0 = Release|x64
		{329B6895-3CAB-43A7-AA43-6BDFF5072110}.Release|x86.ActiveCfg = Release|x64
		{14564628-1966-4822-8EC7-3BC613DE4FFE}.Debug|ARM.ActiveCfg = Debug|Win32
		{14564628-1966-4822-8EC7-3BC613DE4FFE}.Debug|ARM64.ActiveCfg = Debug|Win32
		{14564628-1966-4822-8EC7-3BC613DE4FFE}.Debug|x64.ActiveCfg = Debug|x64
		{14564628-1966-4822-8EC7-3BC613DE4FFE}.Debug|x64.Build.0 = Debug|x64
		{14564628-1966-4822-8EC7-3BC613DE4FFE}.Debug|x86.ActiveCfg = Debug|Win32
		{14564628-1966-4822-8EC7-3BC613DE4FFE}.Debug|x86.Build.0 = Debug|Win32
		{14564628-1966-4822-8EC7-3BC613DE4FFE}.LibRelease|ARM.ActiveCfg = Release|x64
		{14564628-1966-4822-8EC7-3BC613DE4FFE}.LibRelease|ARM.Build.0 = Release|x64
		{14564628-1966-4822-8EC7-3BC613DE4FFE}.LibRelease|ARM64.ActiveCfg = Release|x64
		{14564628-1966-4822-8EC7-3BC613DE4FFE}.LibRelease|ARM64.Build.0 = Release|x64
		{14564628-1966-4822-8EC7-3BC613DE4FFE}.LibRelease|x64.ActiveCfg = Release|x64
		{14564628-1966-4822-8EC7-3BC613DE4FFE}.LibRelease|x64.Build.0 = Release|x64
		{14564628-1966-4822-8EC7-3BC613DE4FFE}.LibRelease|x86.ActiveCfg = Release|Win32
		{14564628-1966-4822-8EC7-3BC613DE4FFE}.LibRelease|x86.Build.0 = Release|Win32
		{14564628-1966-4822-8EC7-3BC613DE4FFE}.Release|ARM.ActiveCfg = Release|Win32
		{14564628-1966-4822-8EC7-3BC613DE4FFE}.Release|ARM64.ActiveCfg = Release|Win32
		{14564628-1966-4822-8EC7-3BC613DE4FFE}.Release|x64.ActiveCfg = Release|x64
		{14564628-1966-4822-8EC7-3BC613DE4FFE}.Release|x64.Build.0 = Release|x64
		{14564628-1966-4822-8EC7-3BC613DE4FFE}.Release|x86.ActiveCfg = Release|Win32
		{14564628-1966-4822-8EC7-3BC613DE4FFE}.Release|x86.Build.0 = Release|Win32
	EndGlobalSection
	GlobalSection(SolutionProperties) = preSolution
		HideSolutionNode = FALSE
	EndGlobalSection
	GlobalSection(ExtensibilityGlobals) = postSolution
		SolutionGuid = {36BE0B50-DC95-4036-A876-BAA6DF0FB403}
	EndGlobalSection
EndGlobal
