<?xml version="1.0" encoding="utf-8"?>
<Project ToolsVersion="4.0" xmlns="http://schemas.microsoft.com/developer/msbuild/2003">
  <ItemGroup>
    <ClCompile Include="main.cpp" />
    <ClCompile Include="util.cpp" />
    <ClCompile Include="drv_image.cpp" />
  </ItemGroup>
  <ItemGroup>
    <ClInclude Include="util.hpp" />
    <ClInclude Include="drv_image.hpp" />
    <ClInclude Include="structs.hpp" />
  </ItemGroup>
</Project>