<?xml version="1.0" encoding="utf-8"?>
<Project ToolsVersion="4.0" xmlns="http://schemas.microsoft.com/developer/msbuild/2003">
  <ItemGroup>
    <ClCompile Include="capcom.cpp" />
    <ClCompile Include="process.cpp" />
    <ClCompile Include="kernel.cpp" />
  </ItemGroup>
  <ItemGroup>
    <ClInclude Include="capcom.hpp" />
    <ClInclude Include="process.hpp" />
    <ClInclude Include="kernel.hpp" />
  </ItemGroup>
</Project>